
Microsoft Visual Studio Solution File, Format Version 12.00
# Visual Studio Version 17
VisualStudioVersion = 17.8.34408.163
MinimumVisualStudioVersion = 10.0.40219.1
Project("{FAE04EC0-301F-11D3-BF4B-00C04F79EFBC}") = "Loop task1", "Loop task1\Loop task1.csproj", "{705D5B8F-F51E-461C-B105-EF72FF4BE828}"
EndProject
Global
	GlobalSection(SolutionConfigurationPlatforms) = preSolution
		Debug|Any CPU = Debug|Any CPU
		Release|Any CPU = Release|Any CPU
	EndGlobalSection
	GlobalSection(ProjectConfigurationPlatforms) = postSolution
		{705D5B8F-F51E-461C-B105-EF72FF4BE828}.Debug|Any CPU.ActiveCfg = Debug|Any CPU
		{705D5B8F-F51E-461C-B105-EF72FF4BE828}.Debug|Any CPU.Build.0 = Debug|Any CPU
		{705D5B8F-F51E-461C-B105-EF72FF4BE828}.Release|Any CPU.ActiveCfg = Release|Any CPU
		{705D5B8F-F51E-461C-B105-EF72FF4BE828}.Release|Any CPU.Build.0 = Release|Any CPU
	EndGlobalSection
	GlobalSection(SolutionProperties) = preSolution
		HideSolutionNode = FALSE
	EndGlobalSection
	GlobalSection(ExtensibilityGlobals) = postSolution
		SolutionGuid = {3991741D-A54A-420B-BEBC-BEF3963ACBB2}
	EndGlobalSection
EndGlobal
